{
  "version": 4,
  "terraform_version": "1.2.8",
  "serial": 5,
  "lineage": "4cbda976-bf72-2f36-10aa-11134b7fc47b",
  "outputs": {},
  "resources": [
    {
      "mode": "managed",
      "type": "azurerm_linux_web_app",
      "name": "apb",
      "provider": "provider[\"registry.terraform.io/hashicorp/azurerm\"]",
      "instances": [
        {
          "schema_version": 0,
          "attributes": {
            "app_settings": {
              "DOCKER_REGISTRY_SERVER_PASSWORD": "",
              "DOCKER_REGISTRY_SERVER_URL": "https://ghcr.io",
              "DOCKER_REGISTRY_SERVER_USERNAME": "ccamel55"
            },
            "auth_settings": [
              {
                "active_directory": [],
                "additional_login_parameters": {},
                "allowed_external_redirect_urls": [],
                "default_provider": "",
                "enabled": false,
                "facebook": [],
                "github": [],
                "google": [],
                "issuer": "",
                "microsoft": [],
                "runtime_version": "",
                "token_refresh_extension_hours": 0,
                "token_store_enabled": false,
                "twitter": [],
                "unauthenticated_client_action": ""
              }
            ],
            "backup": [],
            "client_affinity_enabled": false,
            "client_certificate_enabled": false,
            "client_certificate_mode": "Required",
            "connection_string": [],
            "custom_domain_verification_id": "05C7EB50F91E2929E687D4A317C90F698707337CB8F674745845129D10BC0986",
            "default_hostname": "allanterrabackend.azurewebsites.net",
            "enabled": true,
            "https_only": false,
            "id": "/subscriptions/65a5f175-5cd0-4056-9556-89f662e052fa/resourceGroups/allan-terra-rg/providers/Microsoft.Web/sites/allanterrabackend",
            "identity": [],
            "key_vault_reference_identity_id": "SystemAssigned",
            "kind": "app,linux",
            "location": "australiaeast",
            "logs": [],
            "name": "allanterrabackend",
            "outbound_ip_address_list": [
              "20.53.104.155",
              "20.53.106.26",
              "20.53.106.90",
              "20.53.107.147",
              "20.53.108.106",
              "20.193.40.200",
              "20.37.196.196"
            ],
            "outbound_ip_addresses": "20.53.104.155,20.53.106.26,20.53.106.90,20.53.107.147,20.53.108.106,20.193.40.200,20.37.196.196",
            "possible_outbound_ip_address_list": [
              "20.53.104.155",
              "20.53.106.26",
              "20.53.106.90",
              "20.53.107.147",
              "20.53.108.106",
              "20.193.40.200",
              "20.53.108.224",
              "20.53.108.253",
              "20.53.111.136",
              "20.53.88.228",
              "20.53.89.13",
              "20.53.90.227",
              "20.53.91.68",
              "20.53.91.112",
              "20.53.91.198",
              "20.53.92.93",
              "20.193.43.180",
              "20.53.93.178",
              "20.193.15.38",
              "20.53.68.76",
              "20.53.68.123",
              "20.53.65.176",
              "20.53.68.182",
              "20.53.68.206",
              "20.37.196.196"
            ],
            "possible_outbound_ip_addresses": "20.53.104.155,20.53.106.26,20.53.106.90,20.53.107.147,20.53.108.106,20.193.40.200,20.53.108.224,20.53.108.253,20.53.111.136,20.53.88.228,20.53.89.13,20.53.90.227,20.53.91.68,20.53.91.112,20.53.91.198,20.53.92.93,20.193.43.180,20.53.93.178,20.193.15.38,20.53.68.76,20.53.68.123,20.53.65.176,20.53.68.182,20.53.68.206,20.37.196.196",
            "resource_group_name": "allan-terra-rg",
            "service_plan_id": "/subscriptions/65a5f175-5cd0-4056-9556-89f662e052fa/resourceGroups/allan-terra-rg/providers/Microsoft.Web/serverfarms/allanterraasp",
            "site_config": [
              {
                "always_on": true,
                "api_definition_url": "",
                "api_management_api_id": "",
                "app_command_line": "",
                "application_stack": [
                  {
                    "docker_image": "",
                    "docker_image_tag": "",
                    "dotnet_version": "",
                    "java_server": "",
                    "java_server_version": "",
                    "java_version": "",
                    "node_version": "",
                    "php_version": "",
                    "python_version": "",
                    "ruby_version": ""
                  }
                ],
                "auto_heal_enabled": false,
                "auto_heal_setting": [],
                "container_registry_managed_identity_client_id": "",
                "container_registry_use_managed_identity": false,
                "cors": [],
                "default_documents": [
                  "Default.htm",
                  "Default.html",
                  "Default.asp",
                  "index.htm",
                  "index.html",
                  "iisstart.htm",
                  "default.aspx",
                  "index.php",
                  "hostingstart.html"
                ],
                "detailed_error_logging_enabled": false,
                "ftps_state": "Disabled",
                "health_check_eviction_time_in_min": 0,
                "health_check_path": "",
                "http2_enabled": false,
                "ip_restriction": [],
                "linux_fx_version": "",
                "load_balancing_mode": "LeastRequests",
                "local_mysql_enabled": false,
                "managed_pipeline_mode": "Integrated",
                "minimum_tls_version": "1.2",
                "remote_debugging_enabled": false,
                "remote_debugging_version": "VS2019",
                "scm_ip_restriction": [],
                "scm_minimum_tls_version": "1.2",
                "scm_type": "None",
                "scm_use_main_ip_restriction": false,
                "use_32_bit_worker": true,
                "vnet_route_all_enabled": false,
                "websockets_enabled": false,
                "worker_count": 1
              }
            ],
            "site_credential": [
              {
                "name": "$allanterrabackend",
                "password": "fWP9qu7jnkv2Df7SRuycqr8EXZZPhXK41pNG2BZXbQSqmrYz9mbRCjsv4FeG"
              }
            ],
            "sticky_settings": [],
            "storage_account": [],
            "tags": null,
            "timeouts": null,
            "virtual_network_subnet_id": "",
            "zip_deploy_file": ""
          },
          "sensitive_attributes": [],
          "private": "eyJlMmJmYjczMC1lY2FhLTExZTYtOGY4OC0zNDM2M2JjN2M0YzAiOnsiY3JlYXRlIjoxODAwMDAwMDAwMDAwLCJkZWxldGUiOjE4MDAwMDAwMDAwMDAsInJlYWQiOjMwMDAwMDAwMDAwMCwidXBkYXRlIjoxODAwMDAwMDAwMDAwfX0=",
          "dependencies": [
            "azurerm_resource_group.arg",
            "azurerm_service_plan.asp"
          ]
        }
      ]
    },
    {
      "mode": "managed",
      "type": "azurerm_linux_web_app",
      "name": "apf",
      "provider": "provider[\"registry.terraform.io/hashicorp/azurerm\"]",
      "instances": [
        {
          "schema_version": 0,
          "attributes": {
            "app_settings": {
              "DOCKER_REGISTRY_SERVER_PASSWORD": "",
              "DOCKER_REGISTRY_SERVER_URL": "https://ghcr.io",
              "DOCKER_REGISTRY_SERVER_USERNAME": "ccamel55"
            },
            "auth_settings": [
              {
                "active_directory": [],
                "additional_login_parameters": {},
                "allowed_external_redirect_urls": [],
                "default_provider": "",
                "enabled": false,
                "facebook": [],
                "github": [],
                "google": [],
                "issuer": "",
                "microsoft": [],
                "runtime_version": "",
                "token_refresh_extension_hours": 0,
                "token_store_enabled": false,
                "twitter": [],
                "unauthenticated_client_action": ""
              }
            ],
            "backup": [],
            "client_affinity_enabled": false,
            "client_certificate_enabled": false,
            "client_certificate_mode": "Required",
            "connection_string": [],
            "custom_domain_verification_id": "05C7EB50F91E2929E687D4A317C90F698707337CB8F674745845129D10BC0986",
            "default_hostname": "allanterrafrontend.azurewebsites.net",
            "enabled": true,
            "https_only": false,
            "id": "/subscriptions/65a5f175-5cd0-4056-9556-89f662e052fa/resourceGroups/allan-terra-rg/providers/Microsoft.Web/sites/allanterrafrontend",
            "identity": [],
            "key_vault_reference_identity_id": "SystemAssigned",
            "kind": "app,linux",
            "location": "australiaeast",
            "logs": [],
            "name": "allanterrafrontend",
            "outbound_ip_address_list": [
              "20.53.104.155",
              "20.53.106.26",
              "20.53.106.90",
              "20.53.107.147",
              "20.53.108.106",
              "20.193.40.200",
              "20.37.196.196"
            ],
            "outbound_ip_addresses": "20.53.104.155,20.53.106.26,20.53.106.90,20.53.107.147,20.53.108.106,20.193.40.200,20.37.196.196",
            "possible_outbound_ip_address_list": [
              "20.53.104.155",
              "20.53.106.26",
              "20.53.106.90",
              "20.53.107.147",
              "20.53.108.106",
              "20.193.40.200",
              "20.53.108.224",
              "20.53.108.253",
              "20.53.111.136",
              "20.53.88.228",
              "20.53.89.13",
              "20.53.90.227",
              "20.53.91.68",
              "20.53.91.112",
              "20.53.91.198",
              "20.53.92.93",
              "20.193.43.180",
              "20.53.93.178",
              "20.193.15.38",
              "20.53.68.76",
              "20.53.68.123",
              "20.53.65.176",
              "20.53.68.182",
              "20.53.68.206",
              "20.37.196.196"
            ],
            "possible_outbound_ip_addresses": "20.53.104.155,20.53.106.26,20.53.106.90,20.53.107.147,20.53.108.106,20.193.40.200,20.53.108.224,20.53.108.253,20.53.111.136,20.53.88.228,20.53.89.13,20.53.90.227,20.53.91.68,20.53.91.112,20.53.91.198,20.53.92.93,20.193.43.180,20.53.93.178,20.193.15.38,20.53.68.76,20.53.68.123,20.53.65.176,20.53.68.182,20.53.68.206,20.37.196.196",
            "resource_group_name": "allan-terra-rg",
            "service_plan_id": "/subscriptions/65a5f175-5cd0-4056-9556-89f662e052fa/resourceGroups/allan-terra-rg/providers/Microsoft.Web/serverfarms/allanterraasp",
            "site_config": [
              {
                "always_on": true,
                "api_definition_url": "",
                "api_management_api_id": "",
                "app_command_line": "",
                "application_stack": [
                  {
                    "docker_image": "",
                    "docker_image_tag": "",
                    "dotnet_version": "",
                    "java_server": "",
                    "java_server_version": "",
                    "java_version": "",
                    "node_version": "",
                    "php_version": "",
                    "python_version": "",
                    "ruby_version": ""
                  }
                ],
                "auto_heal_enabled": false,
                "auto_heal_setting": [],
                "container_registry_managed_identity_client_id": "",
                "container_registry_use_managed_identity": false,
                "cors": [],
                "default_documents": [
                  "Default.htm",
                  "Default.html",
                  "Default.asp",
                  "index.htm",
                  "index.html",
                  "iisstart.htm",
                  "default.aspx",
                  "index.php",
                  "hostingstart.html"
                ],
                "detailed_error_logging_enabled": false,
                "ftps_state": "Disabled",
                "health_check_eviction_time_in_min": 0,
                "health_check_path": "",
                "http2_enabled": false,
                "ip_restriction": [],
                "linux_fx_version": "",
                "load_balancing_mode": "LeastRequests",
                "local_mysql_enabled": false,
                "managed_pipeline_mode": "Integrated",
                "minimum_tls_version": "1.2",
                "remote_debugging_enabled": false,
                "remote_debugging_version": "VS2019",
                "scm_ip_restriction": [],
                "scm_minimum_tls_version": "1.2",
                "scm_type": "None",
                "scm_use_main_ip_restriction": false,
                "use_32_bit_worker": true,
                "vnet_route_all_enabled": false,
                "websockets_enabled": false,
                "worker_count": 1
              }
            ],
            "site_credential": [
              {
                "name": "$allanterrafrontend",
                "password": "q2JiGYhMofEfTmXXpdWAjPA9cw1tAGahbkFNdNif3TmHkcPHQxwD56BLKeRu"
              }
            ],
            "sticky_settings": [],
            "storage_account": [],
            "tags": null,
            "timeouts": null,
            "virtual_network_subnet_id": "",
            "zip_deploy_file": ""
          },
          "sensitive_attributes": [],
          "private": "eyJlMmJmYjczMC1lY2FhLTExZTYtOGY4OC0zNDM2M2JjN2M0YzAiOnsiY3JlYXRlIjoxODAwMDAwMDAwMDAwLCJkZWxldGUiOjE4MDAwMDAwMDAwMDAsInJlYWQiOjMwMDAwMDAwMDAwMCwidXBkYXRlIjoxODAwMDAwMDAwMDAwfX0=",
          "dependencies": [
            "azurerm_resource_group.arg",
            "azurerm_service_plan.asp"
          ]
        }
      ]
    },
    {
      "mode": "managed",
      "type": "azurerm_resource_group",
      "name": "arg",
      "provider": "provider[\"registry.terraform.io/hashicorp/azurerm\"]",
      "instances": [
        {
          "schema_version": 0,
          "attributes": {
            "id": "/subscriptions/65a5f175-5cd0-4056-9556-89f662e052fa/resourceGroups/allan-terra-rg",
            "location": "australiaeast",
            "name": "allan-terra-rg",
            "tags": null,
            "timeouts": null
          },
          "sensitive_attributes": [],
          "private": "eyJlMmJmYjczMC1lY2FhLTExZTYtOGY4OC0zNDM2M2JjN2M0YzAiOnsiY3JlYXRlIjo1NDAwMDAwMDAwMDAwLCJkZWxldGUiOjU0MDAwMDAwMDAwMDAsInJlYWQiOjMwMDAwMDAwMDAwMCwidXBkYXRlIjo1NDAwMDAwMDAwMDAwfX0="
        }
      ]
    },
    {
      "mode": "managed",
      "type": "azurerm_service_plan",
      "name": "asp",
      "provider": "provider[\"registry.terraform.io/hashicorp/azurerm\"]",
      "instances": [
        {
          "schema_version": 0,
          "attributes": {
            "app_service_environment_id": "",
            "id": "/subscriptions/65a5f175-5cd0-4056-9556-89f662e052fa/resourceGroups/allan-terra-rg/providers/Microsoft.Web/serverfarms/allanterraasp",
            "kind": "linux",
            "location": "australiaeast",
            "maximum_elastic_worker_count": 1,
            "name": "allanterraasp",
            "os_type": "Linux",
            "per_site_scaling_enabled": false,
            "reserved": true,
            "resource_group_name": "allan-terra-rg",
            "sku_name": "B1",
            "tags": null,
            "timeouts": null,
            "worker_count": 1,
            "zone_balancing_enabled": false
          },
          "sensitive_attributes": [],
          "private": "eyJlMmJmYjczMC1lY2FhLTExZTYtOGY4OC0zNDM2M2JjN2M0YzAiOnsiY3JlYXRlIjozNjAwMDAwMDAwMDAwLCJkZWxldGUiOjM2MDAwMDAwMDAwMDAsInJlYWQiOjMwMDAwMDAwMDAwMCwidXBkYXRlIjozNjAwMDAwMDAwMDAwfX0=",
          "dependencies": [
            "azurerm_resource_group.arg"
          ]
        }
      ]
    }
  ]
}
